
Microsoft Visual Studio Solution File, Format Version 12.00
# Visual Studio Version 17
VisualStudioVersion = 17.10.34916.146
MinimumVisualStudioVersion = 10.0.40219.1
Project("{FAE04EC0-301F-11D3-BF4B-00C04F79EFBC}") = "QuickReports", "QuickReports\QuickReports.csproj", "{C73BE2D8-B69B-4B93-A912-9F5753C406B3}"
EndProject
Global
	GlobalSection(SolutionConfigurationPlatforms) = preSolution
		Debug|Any CPU = Debug|Any CPU
		Release|Any CPU = Release|Any CPU
	EndGlobalSection
	GlobalSection(ProjectConfigurationPlatforms) = postSolution
		{C73BE2D8-B69B-4B93-A912-9F5753C406B3}.Debug|Any CPU.ActiveCfg = Debug|Any CPU
		{C73BE2D8-B69B-4B93-A912-9F5753C406B3}.Debug|Any CPU.Build.0 = Debug|Any CPU
		{C73BE2D8-B69B-4B93-A912-9F5753C406B3}.Release|Any CPU.ActiveCfg = Release|Any CPU
		{C73BE2D8-B69B-4B93-A912-9F5753C406B3}.Release|Any CPU.Build.0 = Release|Any CPU
	EndGlobalSection
	GlobalSection(SolutionProperties) = preSolution
		HideSolutionNode = FALSE
	EndGlobalSection
	GlobalSection(ExtensibilityGlobals) = postSolution
		SolutionGuid = {59E48068-F7F3-4F7E-BECB-45301B855E3A}
	EndGlobalSection
EndGlobal
